
Microsoft Visual Studio Solution File, Format Version 12.00
# Visual Studio Version 17
VisualStudioVersion = 17.13.35919.96 d17.13
MinimumVisualStudioVersion = 10.0.40219.1
Project("{E24C65DC-7377-472B-9ABA-BC803B73C61A}") = "FinalAssignmentVisualStudio@2", "http://localhost:61280", "{B3599DD7-06F5-9807-FA89-1EED56D6C3F4}"
	ProjectSection(WebsiteProperties) = preProject
		UseIISExpress = "true"
		TargetFrameworkMoniker = ".NETFramework,Version%3Dv4.0"
		Debug.AspNetCompiler.VirtualPath = "/localhost_61280"
		Debug.AspNetCompiler.PhysicalPath = "My Web Sites\FinalAssignmentVisualStudio@2\"
		Debug.AspNetCompiler.TargetPath = "PrecompiledWeb\localhost_61280\"
		Debug.AspNetCompiler.Updateable = "true"
		Debug.AspNetCompiler.ForceOverwrite = "true"
		Debug.AspNetCompiler.FixedNames = "false"
		Debug.AspNetCompiler.Debug = "True"
		Release.AspNetCompiler.VirtualPath = "/localhost_61280"
		Release.AspNetCompiler.PhysicalPath = "My Web Sites\FinalAssignmentVisualStudio@2\"
		Release.AspNetCompiler.TargetPath = "PrecompiledWeb\localhost_61280\"
		Release.AspNetCompiler.Updateable = "true"
		Release.AspNetCompiler.ForceOverwrite = "true"
		Release.AspNetCompiler.FixedNames = "false"
		Release.AspNetCompiler.Debug = "False"
		SlnRelativePath = "My Web Sites\FinalAssignmentVisualStudio@2\"
	EndProjectSection
EndProject
Global
	GlobalSection(SolutionConfigurationPlatforms) = preSolution
		Debug|Any CPU = Debug|Any CPU
	EndGlobalSection
	GlobalSection(ProjectConfigurationPlatforms) = postSolution
		{B3599DD7-06F5-9807-FA89-1EED56D6C3F4}.Debug|Any CPU.ActiveCfg = Debug|Any CPU
		{B3599DD7-06F5-9807-FA89-1EED56D6C3F4}.Debug|Any CPU.Build.0 = Debug|Any CPU
	EndGlobalSection
	GlobalSection(SolutionProperties) = preSolution
		HideSolutionNode = FALSE
	EndGlobalSection
	GlobalSection(ExtensibilityGlobals) = postSolution
		SolutionGuid = {4C3BEC99-5CDB-412D-AA60-F31D4C3E6522}
	EndGlobalSection
EndGlobal
